// !$*UTF8*$!
{
	archiveVersion = 1;
	classes = {
	};
	objectVersion = 46;
	objects = {

/* Begin PBXBuildFile section */
		4D0D4E931835563600D2C238 /* statusIcon.tif in Resources */ = {isa = PBXBuildFile; fileRef = 4D0D4E911835563600D2C238 /* statusIcon.tif */; };
		4D0D4E941835563600D2C238 /* statusIconInverted.tif in Resources */ = {isa = PBXBuildFile; fileRef = 4D0D4E921835563600D2C238 /* statusIconInverted.tif */; };
		4D84C01B1833D1D100F3D2D9 /* Cocoa.framework in Frameworks */ = {isa = PBXBuildFile; fileRef = 4D84C01A1833D1D100F3D2D9 /* Cocoa.framework */; };
		4D84C0251833D1D100F3D2D9 /* InfoPlist.strings in Resources */ = {isa = PBXBuildFile; fileRef = 4D84C0231833D1D100F3D2D9 /* InfoPlist.strings */; };
		4D84C0271833D1D100F3D2D9 /* main.m in Sources */ = {isa = PBXBuildFile; fileRef = 4D84C0261833D1D100F3D2D9 /* main.m */; };
		4D84C02B1833D1D100F3D2D9 /* Credits.rtf in Resources */ = {isa = PBXBuildFile; fileRef = 4D84C0291833D1D100F3D2D9 /* Credits.rtf */; };
		4D84C02E1833D1D100F3D2D9 /* ALAppDelegate.m in Sources */ = {isa = PBXBuildFile; fileRef = 4D84C02D1833D1D100F3D2D9 /* ALAppDelegate.m */; };
		4D84C0311833D1D100F3D2D9 /* MainMenu.xib in Resources */ = {isa = PBXBuildFile; fileRef = 4D84C02F1833D1D100F3D2D9 /* MainMenu.xib */; };
		4D84C0361833D1D100F3D2D9 /* Images.xcassets in Resources */ = {isa = PBXBuildFile; fileRef = 4D84C0351833D1D100F3D2D9 /* Images.xcassets */; };
		4D84C03D1833D1D100F3D2D9 /* XCTest.framework in Frameworks */ = {isa = PBXBuildFile; fileRef = 4D84C03C1833D1D100F3D2D9 /* XCTest.framework */; };
		4D84C03E1833D1D100F3D2D9 /* Cocoa.framework in Frameworks */ = {isa = PBXBuildFile; fileRef = 4D84C01A1833D1D100F3D2D9 /* Cocoa.framework */; };
		4D84C0461833D1D100F3D2D9 /* InfoPlist.strings in Resources */ = {isa = PBXBuildFile; fileRef = 4D84C0441833D1D100F3D2D9 /* InfoPlist.strings */; };
		4D84C0481833D1D100F3D2D9 /* airlockmacTests.m in Sources */ = {isa = PBXBuildFile; fileRef = 4D84C0471833D1D100F3D2D9 /* airlockmacTests.m */; };
		4D84C0501833D1D100F3D2D9 /* airlockmacImporter.mdimporter in Resources */ = {isa = PBXBuildFile; fileRef = 4D84C04D1833D1D100F3D2D9 /* airlockmacImporter.mdimporter */; };
		4D84C0521833D1D100F3D2D9 /* CoreServices.framework in Frameworks */ = {isa = PBXBuildFile; fileRef = 4D84C0511833D1D100F3D2D9 /* CoreServices.framework */; };
		4D84C0541833D1D100F3D2D9 /* CoreFoundation.framework in Frameworks */ = {isa = PBXBuildFile; fileRef = 4D84C0531833D1D100F3D2D9 /* CoreFoundation.framework */; };
		4D84C0561833D1D100F3D2D9 /* CoreData.framework in Frameworks */ = {isa = PBXBuildFile; fileRef = 4D84C0551833D1D100F3D2D9 /* CoreData.framework */; };
		4D84C0581833D1D100F3D2D9 /* Foundation.framework in Frameworks */ = {isa = PBXBuildFile; fileRef = 4D84C0571833D1D100F3D2D9 /* Foundation.framework */; };
		4D84C05E1833D1D100F3D2D9 /* InfoPlist.strings in Resources */ = {isa = PBXBuildFile; fileRef = 4D84C05C1833D1D100F3D2D9 /* InfoPlist.strings */; };
		4D84C0601833D1D100F3D2D9 /* main.c in Sources */ = {isa = PBXBuildFile; fileRef = 4D84C05F1833D1D100F3D2D9 /* main.c */; };
		4D84C0621833D1D100F3D2D9 /* GetMetadataForFile.m in Sources */ = {isa = PBXBuildFile; fileRef = 4D84C0611833D1D100F3D2D9 /* GetMetadataForFile.m */; };
		4D84C0651833D1D100F3D2D9 /* MySpotlightImporter.m in Sources */ = {isa = PBXBuildFile; fileRef = 4D84C0641833D1D100F3D2D9 /* MySpotlightImporter.m */; };
		F6180E39184F439E00550BCE /* ALMainWindowController.m in Sources */ = {isa = PBXBuildFile; fileRef = F6180E37184F439E00550BCE /* ALMainWindowController.m */; };
		F6180E3A184F439E00550BCE /* ALMainWindowController.xib in Resources */ = {isa = PBXBuildFile; fileRef = F6180E38184F439E00550BCE /* ALMainWindowController.xib */; };
		F647AA18183A5BB600CAA7BF /* IOKit.framework in Frameworks */ = {isa = PBXBuildFile; fileRef = F647AA17183A5BB600CAA7BF /* IOKit.framework */; };
		F647AA19183A5BC100CAA7BF /* CoreFoundation.framework in Frameworks */ = {isa = PBXBuildFile; fileRef = 4D84C0531833D1D100F3D2D9 /* CoreFoundation.framework */; };
		F647AA1E183A746100CAA7BF /* ALAirlockService.m in Sources */ = {isa = PBXBuildFile; fileRef = F647AA1D183A746100CAA7BF /* ALAirlockService.m */; };
		F647AA26183A79CC00CAA7BF /* ALLoginscreenOverlayWindowController.m in Sources */ = {isa = PBXBuildFile; fileRef = F647AA24183A79CC00CAA7BF /* ALLoginscreenOverlayWindowController.m */; };
		F647AA27183A79CC00CAA7BF /* ALLoginscreenOverlayWindowController.xib in Resources */ = {isa = PBXBuildFile; fileRef = F647AA25183A79CC00CAA7BF /* ALLoginscreenOverlayWindowController.xib */; };
		F647AA29183B6AF400CAA7BF /* IOBluetooth.framework in Frameworks */ = {isa = PBXBuildFile; fileRef = F647AA28183B6AF400CAA7BF /* IOBluetooth.framework */; };
		F677E74618663DEB00F042D4 /* ALDeviceHelper.m in Sources */ = {isa = PBXBuildFile; fileRef = F677E74518663DEB00F042D4 /* ALDeviceHelper.m */; };
		F6865C95185F5A74005DD8F4 /* ALSetupService.m in Sources */ = {isa = PBXBuildFile; fileRef = F6865C94185F5A74005DD8F4 /* ALSetupService.m */; };
		F6865C9B185F5B87005DD8F4 /* ALSetupWindowController.m in Sources */ = {isa = PBXBuildFile; fileRef = F6865C99185F5B87005DD8F4 /* ALSetupWindowController.m */; };
		F6865C9C185F5B87005DD8F4 /* ALSetupWindowController.xib in Resources */ = {isa = PBXBuildFile; fileRef = F6865C9A185F5B87005DD8F4 /* ALSetupWindowController.xib */; };
		F6865C9F185F6604005DD8F4 /* ALSetupStep2ViewController.m in Sources */ = {isa = PBXBuildFile; fileRef = F6865C9E185F6604005DD8F4 /* ALSetupStep2ViewController.m */; };
		F6865CA3185F6952005DD8F4 /* ALDeviceService.m in Sources */ = {isa = PBXBuildFile; fileRef = F6865CA2185F6952005DD8F4 /* ALDeviceService.m */; };
		F6865CA618608FEB005DD8F4 /* ALSetupStep3ViewController.m in Sources */ = {isa = PBXBuildFile; fileRef = F6865CA518608FEB005DD8F4 /* ALSetupStep3ViewController.m */; };
		F6865CAA1861C3CC005DD8F4 /* ALBluetoothScanner.m in Sources */ = {isa = PBXBuildFile; fileRef = F6865CA91861C3CC005DD8F4 /* ALBluetoothScanner.m */; };
		F6865CAE1861CDD0005DD8F4 /* ALDiscoveredDevice.m in Sources */ = {isa = PBXBuildFile; fileRef = F6865CAD1861CDD0005DD8F4 /* ALDiscoveredDevice.m */; };
/* End PBXBuildFile section */

/* Begin PBXContainerItemProxy section */
		4D84C03F1833D1D100F3D2D9 /* PBXContainerItemProxy */ = {
			isa = PBXContainerItemProxy;
			containerPortal = 4D84C00F1833D1D100F3D2D9 /* Project object */;
			proxyType = 1;
			remoteGlobalIDString = 4D84C0161833D1D100F3D2D9;
			remoteInfo = airlockmac;
		};
		4D84C04E1833D1D100F3D2D9 /* PBXContainerItemProxy */ = {
			isa = PBXContainerItemProxy;
			containerPortal = 4D84C00F1833D1D100F3D2D9 /* Project object */;
			proxyType = 1;
			remoteGlobalIDString = 4D84C04C1833D1D100F3D2D9;
			remoteInfo = airlockmacImporter;
		};
/* End PBXContainerItemProxy section */

/* Begin PBXFileReference section */
		4D0D4E911835563600D2C238 /* statusIcon.tif */ = {isa = PBXFileReference; lastKnownFileType = image.tiff; path = statusIcon.tif; sourceTree = "<group>"; };
		4D0D4E921835563600D2C238 /* statusIconInverted.tif */ = {isa = PBXFileReference; lastKnownFileType = image.tiff; path = statusIconInverted.tif; sourceTree = "<group>"; };
		4D84C0171833D1D100F3D2D9 /* airlockmac.app */ = {isa = PBXFileReference; explicitFileType = wrapper.application; includeInIndex = 0; path = airlockmac.app; sourceTree = BUILT_PRODUCTS_DIR; };
		4D84C01A1833D1D100F3D2D9 /* Cocoa.framework */ = {isa = PBXFileReference; lastKnownFileType = wrapper.framework; name = Cocoa.framework; path = System/Library/Frameworks/Cocoa.framework; sourceTree = SDKROOT; };
		4D84C01D1833D1D100F3D2D9 /* AppKit.framework */ = {isa = PBXFileReference; lastKnownFileType = wrapper.framework; name = AppKit.framework; path = System/Library/Frameworks/AppKit.framework; sourceTree = SDKROOT; };
		4D84C01E1833D1D100F3D2D9 /* CoreData.framework */ = {isa = PBXFileReference; lastKnownFileType = wrapper.framework; name = CoreData.framework; path = System/Library/Frameworks/CoreData.framework; sourceTree = SDKROOT; };
		4D84C01F1833D1D100F3D2D9 /* Foundation.framework */ = {isa = PBXFileReference; lastKnownFileType = wrapper.framework; name = Foundation.framework; path = System/Library/Frameworks/Foundation.framework; sourceTree = SDKROOT; };
		4D84C0221833D1D100F3D2D9 /* airlockmac-Info.plist */ = {isa = PBXFileReference; lastKnownFileType = text.plist.xml; path = "airlockmac-Info.plist"; sourceTree = "<group>"; };
		4D84C0241833D1D100F3D2D9 /* en */ = {isa = PBXFileReference; lastKnownFileType = text.plist.strings; name = en; path = en.lproj/InfoPlist.strings; sourceTree = "<group>"; };
		4D84C0261833D1D100F3D2D9 /* main.m */ = {isa = PBXFileReference; lastKnownFileType = sourcecode.c.objc; path = main.m; sourceTree = "<group>"; };
		4D84C0281833D1D100F3D2D9 /* airlockmac-Prefix.pch */ = {isa = PBXFileReference; lastKnownFileType = sourcecode.c.h; path = "airlockmac-Prefix.pch"; sourceTree = "<group>"; };
		4D84C02A1833D1D100F3D2D9 /* en */ = {isa = PBXFileReference; lastKnownFileType = text.rtf; name = en; path = en.lproj/Credits.rtf; sourceTree = "<group>"; };
		4D84C02C1833D1D100F3D2D9 /* ALAppDelegate.h */ = {isa = PBXFileReference; lastKnownFileType = sourcecode.c.h; path = ALAppDelegate.h; sourceTree = "<group>"; };
		4D84C02D1833D1D100F3D2D9 /* ALAppDelegate.m */ = {isa = PBXFileReference; lastKnownFileType = sourcecode.c.objc; path = ALAppDelegate.m; sourceTree = "<group>"; };
		4D84C0301833D1D100F3D2D9 /* Base */ = {isa = PBXFileReference; lastKnownFileType = file.xib; name = Base; path = Base.lproj/MainMenu.xib; sourceTree = "<group>"; };
		4D84C0351833D1D100F3D2D9 /* Images.xcassets */ = {isa = PBXFileReference; lastKnownFileType = folder.assetcatalog; path = Images.xcassets; sourceTree = "<group>"; };
		4D84C03B1833D1D100F3D2D9 /* airlockmacTests.xctest */ = {isa = PBXFileReference; explicitFileType = wrapper.cfbundle; includeInIndex = 0; path = airlockmacTests.xctest; sourceTree = BUILT_PRODUCTS_DIR; };
		4D84C03C1833D1D100F3D2D9 /* XCTest.framework */ = {isa = PBXFileReference; lastKnownFileType = wrapper.framework; name = XCTest.framework; path = Library/Frameworks/XCTest.framework; sourceTree = DEVELOPER_DIR; };
		4D84C0431833D1D100F3D2D9 /* airlockmacTests-Info.plist */ = {isa = PBXFileReference; lastKnownFileType = text.plist.xml; path = "airlockmacTests-Info.plist"; sourceTree = "<group>"; };
		4D84C0451833D1D100F3D2D9 /* en */ = {isa = PBXFileReference; lastKnownFileType = text.plist.strings; name = en; path = en.lproj/InfoPlist.strings; sourceTree = "<group>"; };
		4D84C0471833D1D100F3D2D9 /* airlockmacTests.m */ = {isa = PBXFileReference; lastKnownFileType = sourcecode.c.objc; path = airlockmacTests.m; sourceTree = "<group>"; };
		4D84C04D1833D1D100F3D2D9 /* airlockmacImporter.mdimporter */ = {isa = PBXFileReference; explicitFileType = wrapper.cfbundle; includeInIndex = 0; path = airlockmacImporter.mdimporter; sourceTree = BUILT_PRODUCTS_DIR; };
		4D84C0511833D1D100F3D2D9 /* CoreServices.framework */ = {isa = PBXFileReference; lastKnownFileType = wrapper.framework; name = CoreServices.framework; path = System/Library/Frameworks/CoreServices.framework; sourceTree = SDKROOT; };
		4D84C0531833D1D100F3D2D9 /* CoreFoundation.framework */ = {isa = PBXFileReference; lastKnownFileType = wrapper.framework; name = CoreFoundation.framework; path = System/Library/Frameworks/CoreFoundation.framework; sourceTree = SDKROOT; };
		4D84C0551833D1D100F3D2D9 /* CoreData.framework */ = {isa = PBXFileReference; lastKnownFileType = wrapper.framework; name = CoreData.framework; path = System/Library/Frameworks/CoreData.framework; sourceTree = SDKROOT; };
		4D84C0571833D1D100F3D2D9 /* Foundation.framework */ = {isa = PBXFileReference; lastKnownFileType = wrapper.framework; name = Foundation.framework; path = System/Library/Frameworks/Foundation.framework; sourceTree = SDKROOT; };
		4D84C05B1833D1D100F3D2D9 /* airlockmacImporter-Info.plist */ = {isa = PBXFileReference; lastKnownFileType = text.plist.xml; path = "airlockmacImporter-Info.plist"; sourceTree = "<group>"; };
		4D84C05D1833D1D100F3D2D9 /* en */ = {isa = PBXFileReference; lastKnownFileType = text.plist.strings; name = en; path = en.lproj/InfoPlist.strings; sourceTree = "<group>"; };
		4D84C05F1833D1D100F3D2D9 /* main.c */ = {isa = PBXFileReference; lastKnownFileType = sourcecode.c.c; path = main.c; sourceTree = "<group>"; };
		4D84C0611833D1D100F3D2D9 /* GetMetadataForFile.m */ = {isa = PBXFileReference; lastKnownFileType = sourcecode.c.objc; path = GetMetadataForFile.m; sourceTree = "<group>"; };
		4D84C0631833D1D100F3D2D9 /* MySpotlightImporter.h */ = {isa = PBXFileReference; lastKnownFileType = sourcecode.c.h; path = MySpotlightImporter.h; sourceTree = "<group>"; };
		4D84C0641833D1D100F3D2D9 /* MySpotlightImporter.m */ = {isa = PBXFileReference; lastKnownFileType = sourcecode.c.objc; path = MySpotlightImporter.m; sourceTree = "<group>"; };
		4D84C0661833D1D100F3D2D9 /* Importer Read Me.txt */ = {isa = PBXFileReference; lastKnownFileType = text; path = "Importer Read Me.txt"; sourceTree = "<group>"; };
		4D84C0671833D1D100F3D2D9 /* airlockmacImporter-Prefix.pch */ = {isa = PBXFileReference; lastKnownFileType = sourcecode.c.h; path = "airlockmacImporter-Prefix.pch"; sourceTree = "<group>"; };
		F6180E36184F439E00550BCE /* ALMainWindowController.h */ = {isa = PBXFileReference; fileEncoding = 4; lastKnownFileType = sourcecode.c.h; path = ALMainWindowController.h; sourceTree = "<group>"; };
		F6180E37184F439E00550BCE /* ALMainWindowController.m */ = {isa = PBXFileReference; fileEncoding = 4; lastKnownFileType = sourcecode.c.objc; path = ALMainWindowController.m; sourceTree = "<group>"; };
		F6180E38184F439E00550BCE /* ALMainWindowController.xib */ = {isa = PBXFileReference; fileEncoding = 4; lastKnownFileType = file.xib; path = ALMainWindowController.xib; sourceTree = "<group>"; };
		F647AA17183A5BB600CAA7BF /* IOKit.framework */ = {isa = PBXFileReference; lastKnownFileType = wrapper.framework; name = IOKit.framework; path = System/Library/Frameworks/IOKit.framework; sourceTree = SDKROOT; };
		F647AA1C183A746100CAA7BF /* ALAirlockService.h */ = {isa = PBXFileReference; fileEncoding = 4; lastKnownFileType = sourcecode.c.h; path = ALAirlockService.h; sourceTree = "<group>"; };
		F647AA1D183A746100CAA7BF /* ALAirlockService.m */ = {isa = PBXFileReference; fileEncoding = 4; lastKnownFileType = sourcecode.c.objc; path = ALAirlockService.m; sourceTree = "<group>"; };
		F647AA23183A79CB00CAA7BF /* ALLoginscreenOverlayWindowController.h */ = {isa = PBXFileReference; fileEncoding = 4; lastKnownFileType = sourcecode.c.h; path = ALLoginscreenOverlayWindowController.h; sourceTree = "<group>"; };
		F647AA24183A79CC00CAA7BF /* ALLoginscreenOverlayWindowController.m */ = {isa = PBXFileReference; fileEncoding = 4; lastKnownFileType = sourcecode.c.objc; path = ALLoginscreenOverlayWindowController.m; sourceTree = "<group>"; };
		F647AA25183A79CC00CAA7BF /* ALLoginscreenOverlayWindowController.xib */ = {isa = PBXFileReference; fileEncoding = 4; lastKnownFileType = file.xib; path = ALLoginscreenOverlayWindowController.xib; sourceTree = "<group>"; };
		F647AA28183B6AF400CAA7BF /* IOBluetooth.framework */ = {isa = PBXFileReference; lastKnownFileType = wrapper.framework; name = IOBluetooth.framework; path = System/Library/Frameworks/IOBluetooth.framework; sourceTree = SDKROOT; };
		F677E74418663DEB00F042D4 /* ALDeviceHelper.h */ = {isa = PBXFileReference; fileEncoding = 4; lastKnownFileType = sourcecode.c.h; path = ALDeviceHelper.h; sourceTree = "<group>"; };
		F677E74518663DEB00F042D4 /* ALDeviceHelper.m */ = {isa = PBXFileReference; fileEncoding = 4; lastKnownFileType = sourcecode.c.objc; path = ALDeviceHelper.m; sourceTree = "<group>"; };
		F6865C93185F5A74005DD8F4 /* ALSetupService.h */ = {isa = PBXFileReference; fileEncoding = 4; lastKnownFileType = sourcecode.c.h; path = ALSetupService.h; sourceTree = "<group>"; };
		F6865C94185F5A74005DD8F4 /* ALSetupService.m */ = {isa = PBXFileReference; fileEncoding = 4; lastKnownFileType = sourcecode.c.objc; path = ALSetupService.m; sourceTree = "<group>"; };
		F6865C98185F5B87005DD8F4 /* ALSetupWindowController.h */ = {isa = PBXFileReference; fileEncoding = 4; lastKnownFileType = sourcecode.c.h; path = ALSetupWindowController.h; sourceTree = "<group>"; };
		F6865C99185F5B87005DD8F4 /* ALSetupWindowController.m */ = {isa = PBXFileReference; fileEncoding = 4; lastKnownFileType = sourcecode.c.objc; path = ALSetupWindowController.m; sourceTree = "<group>"; };
		F6865C9A185F5B87005DD8F4 /* ALSetupWindowController.xib */ = {isa = PBXFileReference; fileEncoding = 4; lastKnownFileType = file.xib; path = ALSetupWindowController.xib; sourceTree = "<group>"; };
		F6865C9D185F6603005DD8F4 /* ALSetupStep2ViewController.h */ = {isa = PBXFileReference; fileEncoding = 4; lastKnownFileType = sourcecode.c.h; path = ALSetupStep2ViewController.h; sourceTree = "<group>"; };
		F6865C9E185F6604005DD8F4 /* ALSetupStep2ViewController.m */ = {isa = PBXFileReference; fileEncoding = 4; lastKnownFileType = sourcecode.c.objc; path = ALSetupStep2ViewController.m; sourceTree = "<group>"; };
		F6865CA1185F6952005DD8F4 /* ALDeviceService.h */ = {isa = PBXFileReference; fileEncoding = 4; lastKnownFileType = sourcecode.c.h; path = ALDeviceService.h; sourceTree = "<group>"; };
		F6865CA2185F6952005DD8F4 /* ALDeviceService.m */ = {isa = PBXFileReference; fileEncoding = 4; lastKnownFileType = sourcecode.c.objc; path = ALDeviceService.m; sourceTree = "<group>"; };
		F6865CA418608FEB005DD8F4 /* ALSetupStep3ViewController.h */ = {isa = PBXFileReference; fileEncoding = 4; lastKnownFileType = sourcecode.c.h; path = ALSetupStep3ViewController.h; sourceTree = "<group>"; };
		F6865CA518608FEB005DD8F4 /* ALSetupStep3ViewController.m */ = {isa = PBXFileReference; fileEncoding = 4; lastKnownFileType = sourcecode.c.objc; path = ALSetupStep3ViewController.m; sourceTree = "<group>"; };
		F6865CA81861C3CC005DD8F4 /* ALBluetoothScanner.h */ = {isa = PBXFileReference; fileEncoding = 4; lastKnownFileType = sourcecode.c.h; path = ALBluetoothScanner.h; sourceTree = "<group>"; };
		F6865CA91861C3CC005DD8F4 /* ALBluetoothScanner.m */ = {isa = PBXFileReference; fileEncoding = 4; lastKnownFileType = sourcecode.c.objc; path = ALBluetoothScanner.m; sourceTree = "<group>"; };
		F6865CAC1861CDD0005DD8F4 /* ALDiscoveredDevice.h */ = {isa = PBXFileReference; fileEncoding = 4; lastKnownFileType = sourcecode.c.h; path = ALDiscoveredDevice.h; sourceTree = "<group>"; };
		F6865CAD1861CDD0005DD8F4 /* ALDiscoveredDevice.m */ = {isa = PBXFileReference; fileEncoding = 4; lastKnownFileType = sourcecode.c.objc; path = ALDiscoveredDevice.m; sourceTree = "<group>"; };
/* End PBXFileReference section */

/* Begin PBXFrameworksBuildPhase section */
		4D84C0141833D1D100F3D2D9 /* Frameworks */ = {
			isa = PBXFrameworksBuildPhase;
			buildActionMask = 2147483647;
			files = (
				F647AA29183B6AF400CAA7BF /* IOBluetooth.framework in Frameworks */,
				F647AA19183A5BC100CAA7BF /* CoreFoundation.framework in Frameworks */,
				F647AA18183A5BB600CAA7BF /* IOKit.framework in Frameworks */,
				4D84C01B1833D1D100F3D2D9 /* Cocoa.framework in Frameworks */,
			);
			runOnlyForDeploymentPostprocessing = 0;
		};
		4D84C0381833D1D100F3D2D9 /* Frameworks */ = {
			isa = PBXFrameworksBuildPhase;
			buildActionMask = 2147483647;
			files = (
				4D84C03E1833D1D100F3D2D9 /* Cocoa.framework in Frameworks */,
				4D84C03D1833D1D100F3D2D9 /* XCTest.framework in Frameworks */,
			);
			runOnlyForDeploymentPostprocessing = 0;
		};
		4D84C04A1833D1D100F3D2D9 /* Frameworks */ = {
			isa = PBXFrameworksBuildPhase;
			buildActionMask = 2147483647;
			files = (
				4D84C0541833D1D100F3D2D9 /* CoreFoundation.framework in Frameworks */,
				4D84C0561833D1D100F3D2D9 /* CoreData.framework in Frameworks */,
				4D84C0521833D1D100F3D2D9 /* CoreServices.framework in Frameworks */,
				4D84C0581833D1D100F3D2D9 /* Foundation.framework in Frameworks */,
			);
			runOnlyForDeploymentPostprocessing = 0;
		};
/* End PBXFrameworksBuildPhase section */

/* Begin PBXGroup section */
		4D84C00E1833D1D100F3D2D9 = {
			isa = PBXGroup;
			children = (
				4D84C0201833D1D100F3D2D9 /* airlockmac */,
				4D84C0411833D1D100F3D2D9 /* airlockmacTests */,
				4D84C0591833D1D100F3D2D9 /* airlockmacImporter */,
				4D84C0191833D1D100F3D2D9 /* Frameworks */,
				4D84C0181833D1D100F3D2D9 /* Products */,
			);
			sourceTree = "<group>";
		};
		4D84C0181833D1D100F3D2D9 /* Products */ = {
			isa = PBXGroup;
			children = (
				4D84C0171833D1D100F3D2D9 /* airlockmac.app */,
				4D84C03B1833D1D100F3D2D9 /* airlockmacTests.xctest */,
				4D84C04D1833D1D100F3D2D9 /* airlockmacImporter.mdimporter */,
			);
			name = Products;
			sourceTree = "<group>";
		};
		4D84C0191833D1D100F3D2D9 /* Frameworks */ = {
			isa = PBXGroup;
			children = (
				F647AA28183B6AF400CAA7BF /* IOBluetooth.framework */,
				F647AA17183A5BB600CAA7BF /* IOKit.framework */,
				4D84C01A1833D1D100F3D2D9 /* Cocoa.framework */,
				4D84C03C1833D1D100F3D2D9 /* XCTest.framework */,
				4D84C0511833D1D100F3D2D9 /* CoreServices.framework */,
				4D84C0531833D1D100F3D2D9 /* CoreFoundation.framework */,
				4D84C0551833D1D100F3D2D9 /* CoreData.framework */,
				4D84C0571833D1D100F3D2D9 /* Foundation.framework */,
				4D84C01C1833D1D100F3D2D9 /* Other Frameworks */,
			);
			name = Frameworks;
			sourceTree = "<group>";
		};
		4D84C01C1833D1D100F3D2D9 /* Other Frameworks */ = {
			isa = PBXGroup;
			children = (
				4D84C01D1833D1D100F3D2D9 /* AppKit.framework */,
				4D84C01E1833D1D100F3D2D9 /* CoreData.framework */,
				4D84C01F1833D1D100F3D2D9 /* Foundation.framework */,
			);
			name = "Other Frameworks";
			sourceTree = "<group>";
		};
		4D84C0201833D1D100F3D2D9 /* airlockmac */ = {
			isa = PBXGroup;
			children = (
				F677E74318663DC900F042D4 /* Helper */,
				F6865CAB1861CDB3005DD8F4 /* Model */,
				F6865C96185F5B18005DD8F4 /* Views */,
				F6865C91185F5A48005DD8F4 /* Services */,
				F647AA1A183A73B000CAA7BF /* Assets */,
				4D84C02C1833D1D100F3D2D9 /* ALAppDelegate.h */,
				4D84C02D1833D1D100F3D2D9 /* ALAppDelegate.m */,
				4D84C02F1833D1D100F3D2D9 /* MainMenu.xib */,
				F6180E36184F439E00550BCE /* ALMainWindowController.h */,
				F6180E37184F439E00550BCE /* ALMainWindowController.m */,
				F6180E38184F439E00550BCE /* ALMainWindowController.xib */,
				F647AA1C183A746100CAA7BF /* ALAirlockService.h */,
				F647AA1D183A746100CAA7BF /* ALAirlockService.m */,
				F647AA23183A79CB00CAA7BF /* ALLoginscreenOverlayWindowController.h */,
				F647AA24183A79CC00CAA7BF /* ALLoginscreenOverlayWindowController.m */,
				F647AA25183A79CC00CAA7BF /* ALLoginscreenOverlayWindowController.xib */,
				4D84C0211833D1D100F3D2D9 /* Supporting Files */,
			);
			path = airlockmac;
			sourceTree = "<group>";
		};
		4D84C0211833D1D100F3D2D9 /* Supporting Files */ = {
			isa = PBXGroup;
			children = (
				4D84C0221833D1D100F3D2D9 /* airlockmac-Info.plist */,
				4D84C0231833D1D100F3D2D9 /* InfoPlist.strings */,
				4D84C0261833D1D100F3D2D9 /* main.m */,
				4D84C0281833D1D100F3D2D9 /* airlockmac-Prefix.pch */,
				4D84C0291833D1D100F3D2D9 /* Credits.rtf */,
			);
			name = "Supporting Files";
			sourceTree = "<group>";
		};
		4D84C0411833D1D100F3D2D9 /* airlockmacTests */ = {
			isa = PBXGroup;
			children = (
				4D84C0471833D1D100F3D2D9 /* airlockmacTests.m */,
				4D84C0421833D1D100F3D2D9 /* Supporting Files */,
			);
			path = airlockmacTests;
			sourceTree = "<group>";
		};
		4D84C0421833D1D100F3D2D9 /* Supporting Files */ = {
			isa = PBXGroup;
			children = (
				4D84C0431833D1D100F3D2D9 /* airlockmacTests-Info.plist */,
				4D84C0441833D1D100F3D2D9 /* InfoPlist.strings */,
			);
			name = "Supporting Files";
			sourceTree = "<group>";
		};
		4D84C0591833D1D100F3D2D9 /* airlockmacImporter */ = {
			isa = PBXGroup;
			children = (
				4D84C0611833D1D100F3D2D9 /* GetMetadataForFile.m */,
				4D84C0631833D1D100F3D2D9 /* MySpotlightImporter.h */,
				4D84C0641833D1D100F3D2D9 /* MySpotlightImporter.m */,
				4D84C0661833D1D100F3D2D9 /* Importer Read Me.txt */,
				4D84C05A1833D1D100F3D2D9 /* Supporting Files */,
			);
			path = airlockmacImporter;
			sourceTree = "<group>";
		};
		4D84C05A1833D1D100F3D2D9 /* Supporting Files */ = {
			isa = PBXGroup;
			children = (
				4D84C05B1833D1D100F3D2D9 /* airlockmacImporter-Info.plist */,
				4D84C05C1833D1D100F3D2D9 /* InfoPlist.strings */,
				4D84C05F1833D1D100F3D2D9 /* main.c */,
				4D84C0671833D1D100F3D2D9 /* airlockmacImporter-Prefix.pch */,
			);
			name = "Supporting Files";
			sourceTree = "<group>";
		};
		F647AA1A183A73B000CAA7BF /* Assets */ = {
			isa = PBXGroup;
			children = (
				4D84C0351833D1D100F3D2D9 /* Images.xcassets */,
				4D0D4E911835563600D2C238 /* statusIcon.tif */,
				4D0D4E921835563600D2C238 /* statusIconInverted.tif */,
			);
			name = Assets;
			sourceTree = "<group>";
		};
		F677E74318663DC900F042D4 /* Helper */ = {
			isa = PBXGroup;
			children = (
				F677E74418663DEB00F042D4 /* ALDeviceHelper.h */,
				F677E74518663DEB00F042D4 /* ALDeviceHelper.m */,
			);
			name = Helper;
			sourceTree = "<group>";
		};
		F6865C91185F5A48005DD8F4 /* Services */ = {
			isa = PBXGroup;
			children = (
				F6865CA71861C3AB005DD8F4 /* Bluetooth */,
				F6865CA0185F691A005DD8F4 /* Device */,
				F6865C92185F5A55005DD8F4 /* Setup */,
			);
			name = Services;
			sourceTree = "<group>";
		};
		F6865C92185F5A55005DD8F4 /* Setup */ = {
			isa = PBXGroup;
			children = (
				F6865C93185F5A74005DD8F4 /* ALSetupService.h */,
				F6865C94185F5A74005DD8F4 /* ALSetupService.m */,
			);
			name = Setup;
			sourceTree = "<group>";
		};
		F6865C96185F5B18005DD8F4 /* Views */ = {
			isa = PBXGroup;
			children = (
				F6865C97185F5B1E005DD8F4 /* Setup */,
			);
			name = Views;
			sourceTree = "<group>";
		};
		F6865C97185F5B1E005DD8F4 /* Setup */ = {
			isa = PBXGroup;
			children = (
				F6865C98185F5B87005DD8F4 /* ALSetupWindowController.h */,
				F6865C99185F5B87005DD8F4 /* ALSetupWindowController.m */,
				F6865C9A185F5B87005DD8F4 /* ALSetupWindowController.xib */,
				F6865C9D185F6603005DD8F4 /* ALSetupStep2ViewController.h */,
				F6865C9E185F6604005DD8F4 /* ALSetupStep2ViewController.m */,
				F6865CA418608FEB005DD8F4 /* ALSetupStep3ViewController.h */,
				F6865CA518608FEB005DD8F4 /* ALSetupStep3ViewController.m */,
			);
			name = Setup;
			sourceTree = "<group>";
		};
		F6865CA0185F691A005DD8F4 /* Device */ = {
			isa = PBXGroup;
			children = (
				F6865CA1185F6952005DD8F4 /* ALDeviceService.h */,
				F6865CA2185F6952005DD8F4 /* ALDeviceService.m */,
			);
			name = Device;
			sourceTree = "<group>";
		};
		F6865CA71861C3AB005DD8F4 /* Bluetooth */ = {
			isa = PBXGroup;
			children = (
				F6865CA81861C3CC005DD8F4 /* ALBluetoothScanner.h */,
				F6865CA91861C3CC005DD8F4 /* ALBluetoothScanner.m */,
			);
			name = Bluetooth;
			sourceTree = "<group>";
		};
		F6865CAB1861CDB3005DD8F4 /* Model */ = {
			isa = PBXGroup;
			children = (
				F6865CAC1861CDD0005DD8F4 /* ALDiscoveredDevice.h */,
				F6865CAD1861CDD0005DD8F4 /* ALDiscoveredDevice.m */,
			);
			name = Model;
			sourceTree = "<group>";
		};
/* End PBXGroup section */

/* Begin PBXNativeTarget section */
		4D84C0161833D1D100F3D2D9 /* airlockmac */ = {
			isa = PBXNativeTarget;
			buildConfigurationList = 4D84C06D1833D1D100F3D2D9 /* Build configuration list for PBXNativeTarget "airlockmac" */;
			buildPhases = (
				4D84C0131833D1D100F3D2D9 /* Sources */,
				4D84C0141833D1D100F3D2D9 /* Frameworks */,
				4D84C0151833D1D100F3D2D9 /* Resources */,
			);
			buildRules = (
			);
			dependencies = (
				4D84C04F1833D1D100F3D2D9 /* PBXTargetDependency */,
			);
			name = airlockmac;
			productName = airlockmac;
			productReference = 4D84C0171833D1D100F3D2D9 /* airlockmac.app */;
			productType = "com.apple.product-type.application";
		};
		4D84C03A1833D1D100F3D2D9 /* airlockmacTests */ = {
			isa = PBXNativeTarget;
			buildConfigurationList = 4D84C0701833D1D100F3D2D9 /* Build configuration list for PBXNativeTarget "airlockmacTests" */;
			buildPhases = (
				4D84C0371833D1D100F3D2D9 /* Sources */,
				4D84C0381833D1D100F3D2D9 /* Frameworks */,
				4D84C0391833D1D100F3D2D9 /* Resources */,
			);
			buildRules = (
			);
			dependencies = (
				4D84C0401833D1D100F3D2D9 /* PBXTargetDependency */,
			);
			name = airlockmacTests;
			productName = airlockmacTests;
			productReference = 4D84C03B1833D1D100F3D2D9 /* airlockmacTests.xctest */;
			productType = "com.apple.product-type.bundle.unit-test";
		};
		4D84C04C1833D1D100F3D2D9 /* airlockmacImporter */ = {
			isa = PBXNativeTarget;
			buildConfigurationList = 4D84C06A1833D1D100F3D2D9 /* Build configuration list for PBXNativeTarget "airlockmacImporter" */;
			buildPhases = (
				4D84C0491833D1D100F3D2D9 /* Sources */,
				4D84C04A1833D1D100F3D2D9 /* Frameworks */,
				4D84C04B1833D1D100F3D2D9 /* Resources */,
			);
			buildRules = (
			);
			dependencies = (
			);
			name = airlockmacImporter;
			productName = airlockmacImporter;
			productReference = 4D84C04D1833D1D100F3D2D9 /* airlockmacImporter.mdimporter */;
			productType = "com.apple.product-type.bundle";
		};
/* End PBXNativeTarget section */

/* Begin PBXProject section */
		4D84C00F1833D1D100F3D2D9 /* Project object */ = {
			isa = PBXProject;
			attributes = {
				CLASSPREFIX = AL;
				LastUpgradeCheck = 0500;
				ORGANIZATIONNAME = "Mark Wirblich";
				TargetAttributes = {
					4D84C03A1833D1D100F3D2D9 = {
						TestTargetID = 4D84C0161833D1D100F3D2D9;
					};
				};
			};
			buildConfigurationList = 4D84C0121833D1D100F3D2D9 /* Build configuration list for PBXProject "airlockmac" */;
			compatibilityVersion = "Xcode 3.2";
			developmentRegion = English;
			hasScannedForEncodings = 0;
			knownRegions = (
				en,
				Base,
			);
			mainGroup = 4D84C00E1833D1D100F3D2D9;
			productRefGroup = 4D84C0181833D1D100F3D2D9 /* Products */;
			projectDirPath = "";
			projectRoot = "";
			targets = (
				4D84C0161833D1D100F3D2D9 /* airlockmac */,
				4D84C03A1833D1D100F3D2D9 /* airlockmacTests */,
				4D84C04C1833D1D100F3D2D9 /* airlockmacImporter */,
			);
		};
/* End PBXProject section */

/* Begin PBXResourcesBuildPhase section */
		4D84C0151833D1D100F3D2D9 /* Resources */ = {
			isa = PBXResourcesBuildPhase;
			buildActionMask = 2147483647;
			files = (
				4D84C0251833D1D100F3D2D9 /* InfoPlist.strings in Resources */,
				F6180E3A184F439E00550BCE /* ALMainWindowController.xib in Resources */,
				F6865C9C185F5B87005DD8F4 /* ALSetupWindowController.xib in Resources */,
				4D84C0361833D1D100F3D2D9 /* Images.xcassets in Resources */,
				4D0D4E941835563600D2C238 /* statusIconInverted.tif in Resources */,
				4D84C02B1833D1D100F3D2D9 /* Credits.rtf in Resources */,
				F647AA27183A79CC00CAA7BF /* ALLoginscreenOverlayWindowController.xib in Resources */,
				4D84C0311833D1D100F3D2D9 /* MainMenu.xib in Resources */,
				4D0D4E931835563600D2C238 /* statusIcon.tif in Resources */,
				4D84C0501833D1D100F3D2D9 /* airlockmacImporter.mdimporter in Resources */,
			);
			runOnlyForDeploymentPostprocessing = 0;
		};
		4D84C0391833D1D100F3D2D9 /* Resources */ = {
			isa = PBXResourcesBuildPhase;
			buildActionMask = 2147483647;
			files = (
				4D84C0461833D1D100F3D2D9 /* InfoPlist.strings in Resources */,
			);
			runOnlyForDeploymentPostprocessing = 0;
		};
		4D84C04B1833D1D100F3D2D9 /* Resources */ = {
			isa = PBXResourcesBuildPhase;
			buildActionMask = 2147483647;
			files = (
				4D84C05E1833D1D100F3D2D9 /* InfoPlist.strings in Resources */,
			);
			runOnlyForDeploymentPostprocessing = 0;
		};
/* End PBXResourcesBuildPhase section */

/* Begin PBXSourcesBuildPhase section */
		4D84C0131833D1D100F3D2D9 /* Sources */ = {
			isa = PBXSourcesBuildPhase;
			buildActionMask = 2147483647;
			files = (
				F6865C95185F5A74005DD8F4 /* ALSetupService.m in Sources */,
				F6865CA3185F6952005DD8F4 /* ALDeviceService.m in Sources */,
				F6180E39184F439E00550BCE /* ALMainWindowController.m in Sources */,
				F677E74618663DEB00F042D4 /* ALDeviceHelper.m in Sources */,
				F6865CA618608FEB005DD8F4 /* ALSetupStep3ViewController.m in Sources */,
				F6865C9F185F6604005DD8F4 /* ALSetupStep2ViewController.m in Sources */,
				F6865CAA1861C3CC005DD8F4 /* ALBluetoothScanner.m in Sources */,
				F647AA1E183A746100CAA7BF /* ALAirlockService.m in Sources */,
				4D84C0271833D1D100F3D2D9 /* main.m in Sources */,
				F6865CAE1861CDD0005DD8F4 /* ALDiscoveredDevice.m in Sources */,
				4D84C02E1833D1D100F3D2D9 /* ALAppDelegate.m in Sources */,
				F647AA26183A79CC00CAA7BF /* ALLoginscreenOverlayWindowController.m in Sources */,
				F6865C9B185F5B87005DD8F4 /* ALSetupWindowController.m in Sources */,
			);
			runOnlyForDeploymentPostprocessing = 0;
		};
		4D84C0371833D1D100F3D2D9 /* Sources */ = {
			isa = PBXSourcesBuildPhase;
			buildActionMask = 2147483647;
			files = (
				4D84C0481833D1D100F3D2D9 /* airlockmacTests.m in Sources */,
			);
			runOnlyForDeploymentPostprocessing = 0;
		};
		4D84C0491833D1D100F3D2D9 /* Sources */ = {
			isa = PBXSourcesBuildPhase;
			buildActionMask = 2147483647;
			files = (
				4D84C0651833D1D100F3D2D9 /* MySpotlightImporter.m in Sources */,
				4D84C0601833D1D100F3D2D9 /* main.c in Sources */,
				4D84C0621833D1D100F3D2D9 /* GetMetadataForFile.m in Sources */,
			);
			runOnlyForDeploymentPostprocessing = 0;
		};
/* End PBXSourcesBuildPhase section */

/* Begin PBXTargetDependency section */
		4D84C0401833D1D100F3D2D9 /* PBXTargetDependency */ = {
			isa = PBXTargetDependency;
			target = 4D84C0161833D1D100F3D2D9 /* airlockmac */;
			targetProxy = 4D84C03F1833D1D100F3D2D9 /* PBXContainerItemProxy */;
		};
		4D84C04F1833D1D100F3D2D9 /* PBXTargetDependency */ = {
			isa = PBXTargetDependency;
			target = 4D84C04C1833D1D100F3D2D9 /* airlockmacImporter */;
			targetProxy = 4D84C04E1833D1D100F3D2D9 /* PBXContainerItemProxy */;
		};
/* End PBXTargetDependency section */

/* Begin PBXVariantGroup section */
		4D84C0231833D1D100F3D2D9 /* InfoPlist.strings */ = {
			isa = PBXVariantGroup;
			children = (
				4D84C0241833D1D100F3D2D9 /* en */,
			);
			name = InfoPlist.strings;
			sourceTree = "<group>";
		};
		4D84C0291833D1D100F3D2D9 /* Credits.rtf */ = {
			isa = PBXVariantGroup;
			children = (
				4D84C02A1833D1D100F3D2D9 /* en */,
			);
			name = Credits.rtf;
			sourceTree = "<group>";
		};
		4D84C02F1833D1D100F3D2D9 /* MainMenu.xib */ = {
			isa = PBXVariantGroup;
			children = (
				4D84C0301833D1D100F3D2D9 /* Base */,
			);
			name = MainMenu.xib;
			sourceTree = "<group>";
		};
		4D84C0441833D1D100F3D2D9 /* InfoPlist.strings */ = {
			isa = PBXVariantGroup;
			children = (
				4D84C0451833D1D100F3D2D9 /* en */,
			);
			name = InfoPlist.strings;
			sourceTree = "<group>";
		};
		4D84C05C1833D1D100F3D2D9 /* InfoPlist.strings */ = {
			isa = PBXVariantGroup;
			children = (
				4D84C05D1833D1D100F3D2D9 /* en */,
			);
			name = InfoPlist.strings;
			sourceTree = "<group>";
		};
/* End PBXVariantGroup section */

/* Begin XCBuildConfiguration section */
		4D84C0681833D1D100F3D2D9 /* Debug */ = {
			isa = XCBuildConfiguration;
			buildSettings = {
				ALWAYS_SEARCH_USER_PATHS = NO;
				CLANG_CXX_LANGUAGE_STANDARD = "gnu++0x";
				CLANG_CXX_LIBRARY = "libc++";
				CLANG_ENABLE_OBJC_ARC = YES;
				CLANG_WARN_BOOL_CONVERSION = YES;
				CLANG_WARN_CONSTANT_CONVERSION = YES;
				CLANG_WARN_DIRECT_OBJC_ISA_USAGE = YES_ERROR;
				CLANG_WARN_EMPTY_BODY = YES;
				CLANG_WARN_ENUM_CONVERSION = YES;
				CLANG_WARN_INT_CONVERSION = YES;
				CLANG_WARN_OBJC_ROOT_CLASS = YES_ERROR;
				CLANG_WARN__DUPLICATE_METHOD_MATCH = YES;
				COPY_PHASE_STRIP = NO;
				GCC_C_LANGUAGE_STANDARD = gnu99;
				GCC_DYNAMIC_NO_PIC = NO;
				GCC_ENABLE_OBJC_EXCEPTIONS = YES;
				GCC_OPTIMIZATION_LEVEL = 0;
				GCC_PREPROCESSOR_DEFINITIONS = (
					"DEBUG=1",
					"$(inherited)",
				);
				GCC_SYMBOLS_PRIVATE_EXTERN = NO;
				GCC_WARN_64_TO_32_BIT_CONVERSION = YES;
				GCC_WARN_ABOUT_RETURN_TYPE = YES_ERROR;
				GCC_WARN_UNDECLARED_SELECTOR = YES;
				GCC_WARN_UNINITIALIZED_AUTOS = YES;
				GCC_WARN_UNUSED_FUNCTION = YES;
				GCC_WARN_UNUSED_VARIABLE = YES;
				MACOSX_DEPLOYMENT_TARGET = 10.9;
				ONLY_ACTIVE_ARCH = YES;
				SDKROOT = macosx;
			};
			name = Debug;
		};
		4D84C0691833D1D100F3D2D9 /* Release */ = {
			isa = XCBuildConfiguration;
			buildSettings = {
				ALWAYS_SEARCH_USER_PATHS = NO;
				CLANG_CXX_LANGUAGE_STANDARD = "gnu++0x";
				CLANG_CXX_LIBRARY = "libc++";
				CLANG_ENABLE_OBJC_ARC = YES;
				CLANG_WARN_BOOL_CONVERSION = YES;
				CLANG_WARN_CONSTANT_CONVERSION = YES;
				CLANG_WARN_DIRECT_OBJC_ISA_USAGE = YES_ERROR;
				CLANG_WARN_EMPTY_BODY = YES;
				CLANG_WARN_ENUM_CONVERSION = YES;
				CLANG_WARN_INT_CONVERSION = YES;
				CLANG_WARN_OBJC_ROOT_CLASS = YES_ERROR;
				CLANG_WARN__DUPLICATE_METHOD_MATCH = YES;
				COPY_PHASE_STRIP = YES;
				DEBUG_INFORMATION_FORMAT = "dwarf-with-dsym";
				ENABLE_NS_ASSERTIONS = NO;
				GCC_C_LANGUAGE_STANDARD = gnu99;
				GCC_ENABLE_OBJC_EXCEPTIONS = YES;
				GCC_WARN_64_TO_32_BIT_CONVERSION = YES;
				GCC_WARN_ABOUT_RETURN_TYPE = YES_ERROR;
				GCC_WARN_UNDECLARED_SELECTOR = YES;
				GCC_WARN_UNINITIALIZED_AUTOS = YES;
				GCC_WARN_UNUSED_FUNCTION = YES;
				GCC_WARN_UNUSED_VARIABLE = YES;
				MACOSX_DEPLOYMENT_TARGET = 10.9;
				SDKROOT = macosx;
			};
			name = Release;
		};
		4D84C06B1833D1D100F3D2D9 /* Debug */ = {
			isa = XCBuildConfiguration;
			buildSettings = {
				ALWAYS_SEARCH_USER_PATHS = YES;
				COMBINE_HIDPI_IMAGES = YES;
				GCC_PRECOMPILE_PREFIX_HEADER = YES;
				GCC_PREFIX_HEADER = "airlockmacImporter/airlockmacImporter-Prefix.pch";
				GCC_PREPROCESSOR_DEFINITIONS = (
					"DEBUG=1",
					"$(inherited)",
				);
				INFOPLIST_FILE = "airlockmacImporter/airlockmacImporter-Info.plist";
				INSTALL_PATH = "@executable_path/../Contents/Library/Spotlight";
				LIBRARY_STYLE = BUNDLE;
				PRODUCT_NAME = "$(TARGET_NAME)";
				SKIP_INSTALL = YES;
				WRAPPER_EXTENSION = mdimporter;
			};
			name = Debug;
		};
		4D84C06C1833D1D100F3D2D9 /* Release */ = {
			isa = XCBuildConfiguration;
			buildSettings = {
				ALWAYS_SEARCH_USER_PATHS = YES;
				COMBINE_HIDPI_IMAGES = YES;
				GCC_PRECOMPILE_PREFIX_HEADER = YES;
				GCC_PREFIX_HEADER = "airlockmacImporter/airlockmacImporter-Prefix.pch";
				INFOPLIST_FILE = "airlockmacImporter/airlockmacImporter-Info.plist";
				INSTALL_PATH = "@executable_path/../Contents/Library/Spotlight";
				LIBRARY_STYLE = BUNDLE;
				PRODUCT_NAME = "$(TARGET_NAME)";
				SKIP_INSTALL = YES;
				WRAPPER_EXTENSION = mdimporter;
			};
			name = Release;
		};
		4D84C06E1833D1D100F3D2D9 /* Debug */ = {
			isa = XCBuildConfiguration;
			buildSettings = {
				ASSETCATALOG_COMPILER_APPICON_NAME = AppIcon;
				COMBINE_HIDPI_IMAGES = YES;
				GCC_PRECOMPILE_PREFIX_HEADER = YES;
				GCC_PREFIX_HEADER = "airlockmac/airlockmac-Prefix.pch";
				INFOPLIST_FILE = "airlockmac/airlockmac-Info.plist";
				PRODUCT_NAME = "$(TARGET_NAME)";
				WRAPPER_EXTENSION = app;
			};
			name = Debug;
		};
		4D84C06F1833D1D100F3D2D9 /* Release */ = {
			isa = XCBuildConfiguration;
			buildSettings = {
				ASSETCATALOG_COMPILER_APPICON_NAME = AppIcon;
				COMBINE_HIDPI_IMAGES = YES;
				GCC_PRECOMPILE_PREFIX_HEADER = YES;
				GCC_PREFIX_HEADER = "airlockmac/airlockmac-Prefix.pch";
				INFOPLIST_FILE = "airlockmac/airlockmac-Info.plist";
				PRODUCT_NAME = "$(TARGET_NAME)";
				WRAPPER_EXTENSION = app;
			};
			name = Release;
		};
		4D84C0711833D1D100F3D2D9 /* Debug */ = {
			isa = XCBuildConfiguration;
			buildSettings = {
				BUNDLE_LOADER = "$(BUILT_PRODUCTS_DIR)/airlockmac.app/Contents/MacOS/airlockmac";
				COMBINE_HIDPI_IMAGES = YES;
				FRAMEWORK_SEARCH_PATHS = (
					"$(DEVELOPER_FRAMEWORKS_DIR)",
					"$(inherited)",
				);
				GCC_PRECOMPILE_PREFIX_HEADER = YES;
				GCC_PREFIX_HEADER = "airlockmac/airlockmac-Prefix.pch";
				GCC_PREPROCESSOR_DEFINITIONS = (
					"DEBUG=1",
					"$(inherited)",
				);
				INFOPLIST_FILE = "airlockmacTests/airlockmacTests-Info.plist";
				PRODUCT_NAME = "$(TARGET_NAME)";
				TEST_HOST = "$(BUNDLE_LOADER)";
				WRAPPER_EXTENSION = xctest;
			};
			name = Debug;
		};
		4D84C0721833D1D100F3D2D9 /* Release */ = {
			isa = XCBuildConfiguration;
			buildSettings = {
				BUNDLE_LOADER = "$(BUILT_PRODUCTS_DIR)/airlockmac.app/Contents/MacOS/airlockmac";
				COMBINE_HIDPI_IMAGES = YES;
				FRAMEWORK_SEARCH_PATHS = (
					"$(DEVELOPER_FRAMEWORKS_DIR)",
					"$(inherited)",
				);
				GCC_PRECOMPILE_PREFIX_HEADER = YES;
				GCC_PREFIX_HEADER = "airlockmac/airlockmac-Prefix.pch";
				INFOPLIST_FILE = "airlockmacTests/airlockmacTests-Info.plist";
				PRODUCT_NAME = "$(TARGET_NAME)";
				TEST_HOST = "$(BUNDLE_LOADER)";
				WRAPPER_EXTENSION = xctest;
			};
			name = Release;
		};
/* End XCBuildConfiguration section */

/* Begin XCConfigurationList section */
		4D84C0121833D1D100F3D2D9 /* Build configuration list for PBXProject "airlockmac" */ = {
			isa = XCConfigurationList;
			buildConfigurations = (
				4D84C0681833D1D100F3D2D9 /* Debug */,
				4D84C0691833D1D100F3D2D9 /* Release */,
			);
			defaultConfigurationIsVisible = 0;
			defaultConfigurationName = Release;
		};
		4D84C06A1833D1D100F3D2D9 /* Build configuration list for PBXNativeTarget "airlockmacImporter" */ = {
			isa = XCConfigurationList;
			buildConfigurations = (
				4D84C06B1833D1D100F3D2D9 /* Debug */,
				4D84C06C1833D1D100F3D2D9 /* Release */,
			);
			defaultConfigurationIsVisible = 0;
			defaultConfigurationName = Release;
		};
		4D84C06D1833D1D100F3D2D9 /* Build configuration list for PBXNativeTarget "airlockmac" */ = {
			isa = XCConfigurationList;
			buildConfigurations = (
				4D84C06E1833D1D100F3D2D9 /* Debug */,
				4D84C06F1833D1D100F3D2D9 /* Release */,
			);
			defaultConfigurationIsVisible = 0;
			defaultConfigurationName = Release;
		};
		4D84C0701833D1D100F3D2D9 /* Build configuration list for PBXNativeTarget "airlockmacTests" */ = {
			isa = XCConfigurationList;
			buildConfigurations = (
				4D84C0711833D1D100F3D2D9 /* Debug */,
				4D84C0721833D1D100F3D2D9 /* Release */,
			);
			defaultConfigurationIsVisible = 0;
			defaultConfigurationName = Release;
		};
/* End XCConfigurationList section */
	};
	rootObject = 4D84C00F1833D1D100F3D2D9 /* Project object */;
}
